// !$*UTF8*$!
{
	archiveVersion = 1;
	classes = {
	};
	objectVersion = 50;
	objects = {

/* Begin PBXBuildFile section */
		51B666786E0AD33B5E60B441 /* Pods_TriplessTests.framework in Frameworks */ = {isa = PBXBuildFile; fileRef = 68808EDAA8D47B413A862FBF /* Pods_TriplessTests.framework */; };
		7154B07ABD1BCF8F75FA789A /* Pods_Tripless.framework in Frameworks */ = {isa = PBXBuildFile; fileRef = DC69889A4AF87EDB4ECBA070 /* Pods_Tripless.framework */; };
		7E04EDD121976EEC00EA9811 /* AppDelegate.swift in Sources */ = {isa = PBXBuildFile; fileRef = 7E04EDD021976EEC00EA9811 /* AppDelegate.swift */; };
		7E04EDD321976EEC00EA9811 /* MapViewController.swift in Sources */ = {isa = PBXBuildFile; fileRef = 7E04EDD221976EEC00EA9811 /* MapViewController.swift */; };
		7E04EDD521976EEC00EA9811 /* LogViewController.swift in Sources */ = {isa = PBXBuildFile; fileRef = 7E04EDD421976EEC00EA9811 /* LogViewController.swift */; };
		7E04EDD821976EEC00EA9811 /* Main.storyboard in Resources */ = {isa = PBXBuildFile; fileRef = 7E04EDD621976EEC00EA9811 /* Main.storyboard */; };
		7E04EDDA21976EED00EA9811 /* Assets.xcassets in Resources */ = {isa = PBXBuildFile; fileRef = 7E04EDD921976EED00EA9811 /* Assets.xcassets */; };
		7E04EDDD21976EED00EA9811 /* LaunchScreen.storyboard in Resources */ = {isa = PBXBuildFile; fileRef = 7E04EDDB21976EED00EA9811 /* LaunchScreen.storyboard */; };
		7E04EDE821976EED00EA9811 /* TriplessTests.swift in Sources */ = {isa = PBXBuildFile; fileRef = 7E04EDE721976EED00EA9811 /* TriplessTests.swift */; };
		7E04EDF321976EED00EA9811 /* TriplessUITests.swift in Sources */ = {isa = PBXBuildFile; fileRef = 7E04EDF221976EED00EA9811 /* TriplessUITests.swift */; };
		86223022219777CD00C8DFB1 /* TabBarController.swift in Sources */ = {isa = PBXBuildFile; fileRef = 86223021219777CD00C8DFB1 /* TabBarController.swift */; };
		8622302521977FD100C8DFB1 /* TripModel.xcdatamodeld in Sources */ = {isa = PBXBuildFile; fileRef = 8622302321977FD100C8DFB1 /* TripModel.xcdatamodeld */; };
		862230272197805B00C8DFB1 /* TripDBHelper.swift in Sources */ = {isa = PBXBuildFile; fileRef = 862230262197805B00C8DFB1 /* TripDBHelper.swift */; };
		8622302B219783FB00C8DFB1 /* Trip.swift in Sources */ = {isa = PBXBuildFile; fileRef = 8622302A219783FB00C8DFB1 /* Trip.swift */; };
		8AB04F5B30D881179EF74856 /* Pods_TriplessUITests.framework in Frameworks */ = {isa = PBXBuildFile; fileRef = 99E5C4F04C3FABF483C04363 /* Pods_TriplessUITests.framework */; };
/* End PBXBuildFile section */

/* Begin PBXContainerItemProxy section */
		7E04EDE421976EED00EA9811 /* PBXContainerItemProxy */ = {
			isa = PBXContainerItemProxy;
			containerPortal = 7E04EDC521976EEC00EA9811 /* Project object */;
			proxyType = 1;
			remoteGlobalIDString = 7E04EDCC21976EEC00EA9811;
			remoteInfo = Tripless;
		};
		7E04EDEF21976EED00EA9811 /* PBXContainerItemProxy */ = {
			isa = PBXContainerItemProxy;
			containerPortal = 7E04EDC521976EEC00EA9811 /* Project object */;
			proxyType = 1;
			remoteGlobalIDString = 7E04EDCC21976EEC00EA9811;
			remoteInfo = Tripless;
		};
/* End PBXContainerItemProxy section */

/* Begin PBXFileReference section */
		1A8D820232D8E8A03C96A53E /* Pods-TriplessUITests.release.xcconfig */ = {isa = PBXFileReference; includeInIndex = 1; lastKnownFileType = text.xcconfig; name = "Pods-TriplessUITests.release.xcconfig"; path = "Pods/Target Support Files/Pods-TriplessUITests/Pods-TriplessUITests.release.xcconfig"; sourceTree = "<group>"; };
		4F49BC2017F632526D8462C6 /* Pods-TriplessUITests.debug.xcconfig */ = {isa = PBXFileReference; includeInIndex = 1; lastKnownFileType = text.xcconfig; name = "Pods-TriplessUITests.debug.xcconfig"; path = "Pods/Target Support Files/Pods-TriplessUITests/Pods-TriplessUITests.debug.xcconfig"; sourceTree = "<group>"; };
		68808EDAA8D47B413A862FBF /* Pods_TriplessTests.framework */ = {isa = PBXFileReference; explicitFileType = wrapper.framework; includeInIndex = 0; path = Pods_TriplessTests.framework; sourceTree = BUILT_PRODUCTS_DIR; };
		7E04EDCD21976EEC00EA9811 /* Tripless.app */ = {isa = PBXFileReference; explicitFileType = wrapper.application; includeInIndex = 0; path = Tripless.app; sourceTree = BUILT_PRODUCTS_DIR; };
		7E04EDD021976EEC00EA9811 /* AppDelegate.swift */ = {isa = PBXFileReference; lastKnownFileType = sourcecode.swift; path = AppDelegate.swift; sourceTree = "<group>"; };
		7E04EDD221976EEC00EA9811 /* MapViewController.swift */ = {isa = PBXFileReference; lastKnownFileType = sourcecode.swift; path = MapViewController.swift; sourceTree = "<group>"; };
		7E04EDD421976EEC00EA9811 /* LogViewController.swift */ = {isa = PBXFileReference; lastKnownFileType = sourcecode.swift; path = LogViewController.swift; sourceTree = "<group>"; };
		7E04EDD721976EEC00EA9811 /* Base */ = {isa = PBXFileReference; lastKnownFileType = file.storyboard; name = Base; path = Base.lproj/Main.storyboard; sourceTree = "<group>"; };
		7E04EDD921976EED00EA9811 /* Assets.xcassets */ = {isa = PBXFileReference; lastKnownFileType = folder.assetcatalog; path = Assets.xcassets; sourceTree = "<group>"; };
		7E04EDDC21976EED00EA9811 /* Base */ = {isa = PBXFileReference; lastKnownFileType = file.storyboard; name = Base; path = Base.lproj/LaunchScreen.storyboard; sourceTree = "<group>"; };
		7E04EDDE21976EED00EA9811 /* Info.plist */ = {isa = PBXFileReference; lastKnownFileType = text.plist.xml; path = Info.plist; sourceTree = "<group>"; };
		7E04EDE321976EED00EA9811 /* TriplessTests.xctest */ = {isa = PBXFileReference; explicitFileType = wrapper.cfbundle; includeInIndex = 0; path = TriplessTests.xctest; sourceTree = BUILT_PRODUCTS_DIR; };
		7E04EDE721976EED00EA9811 /* TriplessTests.swift */ = {isa = PBXFileReference; lastKnownFileType = sourcecode.swift; path = TriplessTests.swift; sourceTree = "<group>"; };
		7E04EDE921976EED00EA9811 /* Info.plist */ = {isa = PBXFileReference; lastKnownFileType = text.plist.xml; path = Info.plist; sourceTree = "<group>"; };
		7E04EDEE21976EED00EA9811 /* TriplessUITests.xctest */ = {isa = PBXFileReference; explicitFileType = wrapper.cfbundle; includeInIndex = 0; path = TriplessUITests.xctest; sourceTree = BUILT_PRODUCTS_DIR; };
		7E04EDF221976EED00EA9811 /* TriplessUITests.swift */ = {isa = PBXFileReference; lastKnownFileType = sourcecode.swift; path = TriplessUITests.swift; sourceTree = "<group>"; };
		7E04EDF421976EED00EA9811 /* Info.plist */ = {isa = PBXFileReference; lastKnownFileType = text.plist.xml; path = Info.plist; sourceTree = "<group>"; };
		86223021219777CD00C8DFB1 /* TabBarController.swift */ = {isa = PBXFileReference; lastKnownFileType = sourcecode.swift; path = TabBarController.swift; sourceTree = "<group>"; };
		8622302421977FD100C8DFB1 /* TripModel.xcdatamodel */ = {isa = PBXFileReference; lastKnownFileType = wrapper.xcdatamodel; path = TripModel.xcdatamodel; sourceTree = "<group>"; };
		862230262197805B00C8DFB1 /* TripDBHelper.swift */ = {isa = PBXFileReference; lastKnownFileType = sourcecode.swift; path = TripDBHelper.swift; sourceTree = "<group>"; };
		8622302A219783FB00C8DFB1 /* Trip.swift */ = {isa = PBXFileReference; lastKnownFileType = sourcecode.swift; path = Trip.swift; sourceTree = "<group>"; };
		969173D182B2777F224AE039 /* Pods-Tripless.release.xcconfig */ = {isa = PBXFileReference; includeInIndex = 1; lastKnownFileType = text.xcconfig; name = "Pods-Tripless.release.xcconfig"; path = "Pods/Target Support Files/Pods-Tripless/Pods-Tripless.release.xcconfig"; sourceTree = "<group>"; };
		99E5C4F04C3FABF483C04363 /* Pods_TriplessUITests.framework */ = {isa = PBXFileReference; explicitFileType = wrapper.framework; includeInIndex = 0; path = Pods_TriplessUITests.framework; sourceTree = BUILT_PRODUCTS_DIR; };
		BE5B71AB50B7080E4EAF5CDE /* Pods-Tripless.debug.xcconfig */ = {isa = PBXFileReference; includeInIndex = 1; lastKnownFileType = text.xcconfig; name = "Pods-Tripless.debug.xcconfig"; path = "Pods/Target Support Files/Pods-Tripless/Pods-Tripless.debug.xcconfig"; sourceTree = "<group>"; };
		DC69889A4AF87EDB4ECBA070 /* Pods_Tripless.framework */ = {isa = PBXFileReference; explicitFileType = wrapper.framework; includeInIndex = 0; path = Pods_Tripless.framework; sourceTree = BUILT_PRODUCTS_DIR; };
		EAF83A80F24C91BCBA662FE4 /* Pods-TriplessTests.debug.xcconfig */ = {isa = PBXFileReference; includeInIndex = 1; lastKnownFileType = text.xcconfig; name = "Pods-TriplessTests.debug.xcconfig"; path = "Pods/Target Support Files/Pods-TriplessTests/Pods-TriplessTests.debug.xcconfig"; sourceTree = "<group>"; };
		EB4AF00587144B90A88C2DA4 /* Pods-TriplessTests.release.xcconfig */ = {isa = PBXFileReference; includeInIndex = 1; lastKnownFileType = text.xcconfig; name = "Pods-TriplessTests.release.xcconfig"; path = "Pods/Target Support Files/Pods-TriplessTests/Pods-TriplessTests.release.xcconfig"; sourceTree = "<group>"; };
/* End PBXFileReference section */

/* Begin PBXFrameworksBuildPhase section */
		7E04EDCA21976EEC00EA9811 /* Frameworks */ = {
			isa = PBXFrameworksBuildPhase;
			buildActionMask = 2147483647;
			files = (
				7154B07ABD1BCF8F75FA789A /* Pods_Tripless.framework in Frameworks */,
			);
			runOnlyForDeploymentPostprocessing = 0;
		};
		7E04EDE021976EED00EA9811 /* Frameworks */ = {
			isa = PBXFrameworksBuildPhase;
			buildActionMask = 2147483647;
			files = (
				51B666786E0AD33B5E60B441 /* Pods_TriplessTests.framework in Frameworks */,
			);
			runOnlyForDeploymentPostprocessing = 0;
		};
		7E04EDEB21976EED00EA9811 /* Frameworks */ = {
			isa = PBXFrameworksBuildPhase;
			buildActionMask = 2147483647;
			files = (
				8AB04F5B30D881179EF74856 /* Pods_TriplessUITests.framework in Frameworks */,
			);
			runOnlyForDeploymentPostprocessing = 0;
		};
/* End PBXFrameworksBuildPhase section */

/* Begin PBXGroup section */
		071B8FE1BE82131CCF1D8177 /* Pods */ = {
			isa = PBXGroup;
			children = (
				BE5B71AB50B7080E4EAF5CDE /* Pods-Tripless.debug.xcconfig */,
				969173D182B2777F224AE039 /* Pods-Tripless.release.xcconfig */,
				EAF83A80F24C91BCBA662FE4 /* Pods-TriplessTests.debug.xcconfig */,
				EB4AF00587144B90A88C2DA4 /* Pods-TriplessTests.release.xcconfig */,
				4F49BC2017F632526D8462C6 /* Pods-TriplessUITests.debug.xcconfig */,
				1A8D820232D8E8A03C96A53E /* Pods-TriplessUITests.release.xcconfig */,
			);
			name = Pods;
			sourceTree = "<group>";
		};
		7E04EDC421976EEC00EA9811 = {
			isa = PBXGroup;
			children = (
				7E04EDCF21976EEC00EA9811 /* Tripless */,
				7E04EDE621976EED00EA9811 /* TriplessTests */,
				7E04EDF121976EED00EA9811 /* TriplessUITests */,
				7E04EDCE21976EEC00EA9811 /* Products */,
				071B8FE1BE82131CCF1D8177 /* Pods */,
				FFBAF3B1B8D62EDE8DDB29CE /* Frameworks */,
			);
			sourceTree = "<group>";
		};
		7E04EDCE21976EEC00EA9811 /* Products */ = {
			isa = PBXGroup;
			children = (
				7E04EDCD21976EEC00EA9811 /* Tripless.app */,
				7E04EDE321976EED00EA9811 /* TriplessTests.xctest */,
				7E04EDEE21976EED00EA9811 /* TriplessUITests.xctest */,
			);
			name = Products;
			sourceTree = "<group>";
		};
		7E04EDCF21976EEC00EA9811 /* Tripless */ = {
			isa = PBXGroup;
			children = (
				7E04EDD021976EEC00EA9811 /* AppDelegate.swift */,
				8622302321977FD100C8DFB1 /* TripModel.xcdatamodeld */,
				7E04EDD221976EEC00EA9811 /* MapViewController.swift */,
				7E04EDD421976EEC00EA9811 /* LogViewController.swift */,
				7E04EDD621976EEC00EA9811 /* Main.storyboard */,
				7E04EDD921976EED00EA9811 /* Assets.xcassets */,
				7E04EDDB21976EED00EA9811 /* LaunchScreen.storyboard */,
				7E04EDDE21976EED00EA9811 /* Info.plist */,
				86223021219777CD00C8DFB1 /* TabBarController.swift */,
				862230262197805B00C8DFB1 /* TripDBHelper.swift */,
				8622302A219783FB00C8DFB1 /* Trip.swift */,
			);
			path = Tripless;
			sourceTree = "<group>";
		};
		7E04EDE621976EED00EA9811 /* TriplessTests */ = {
			isa = PBXGroup;
			children = (
				7E04EDE721976EED00EA9811 /* TriplessTests.swift */,
				7E04EDE921976EED00EA9811 /* Info.plist */,
			);
			path = TriplessTests;
			sourceTree = "<group>";
		};
		7E04EDF121976EED00EA9811 /* TriplessUITests */ = {
			isa = PBXGroup;
			children = (
				7E04EDF221976EED00EA9811 /* TriplessUITests.swift */,
				7E04EDF421976EED00EA9811 /* Info.plist */,
			);
			path = TriplessUITests;
			sourceTree = "<group>";
		};
		FFBAF3B1B8D62EDE8DDB29CE /* Frameworks */ = {
			isa = PBXGroup;
			children = (
				DC69889A4AF87EDB4ECBA070 /* Pods_Tripless.framework */,
				68808EDAA8D47B413A862FBF /* Pods_TriplessTests.framework */,
				99E5C4F04C3FABF483C04363 /* Pods_TriplessUITests.framework */,
			);
			name = Frameworks;
			sourceTree = "<group>";
		};
/* End PBXGroup section */

/* Begin PBXNativeTarget section */
		7E04EDCC21976EEC00EA9811 /* Tripless */ = {
			isa = PBXNativeTarget;
			buildConfigurationList = 7E04EDF721976EED00EA9811 /* Build configuration list for PBXNativeTarget "Tripless" */;
			buildPhases = (
				A044FD10F0C2E603A561D5A0 /* [CP] Check Pods Manifest.lock */,
				7E04EDC921976EEC00EA9811 /* Sources */,
				7E04EDCA21976EEC00EA9811 /* Frameworks */,
				7E04EDCB21976EEC00EA9811 /* Resources */,
				E1F58F501648776923A661EF /* [CP] Embed Pods Frameworks */,
			);
			buildRules = (
			);
			dependencies = (
			);
			name = Tripless;
			productName = Tripless;
			productReference = 7E04EDCD21976EEC00EA9811 /* Tripless.app */;
			productType = "com.apple.product-type.application";
		};
		7E04EDE221976EED00EA9811 /* TriplessTests */ = {
			isa = PBXNativeTarget;
			buildConfigurationList = 7E04EDFA21976EED00EA9811 /* Build configuration list for PBXNativeTarget "TriplessTests" */;
			buildPhases = (
				7FAF208BF9E09499A0CD3F1C /* [CP] Check Pods Manifest.lock */,
				7E04EDDF21976EED00EA9811 /* Sources */,
				7E04EDE021976EED00EA9811 /* Frameworks */,
				7E04EDE121976EED00EA9811 /* Resources */,
			);
			buildRules = (
			);
			dependencies = (
				7E04EDE521976EED00EA9811 /* PBXTargetDependency */,
			);
			name = TriplessTests;
			productName = TriplessTests;
			productReference = 7E04EDE321976EED00EA9811 /* TriplessTests.xctest */;
			productType = "com.apple.product-type.bundle.unit-test";
		};
		7E04EDED21976EED00EA9811 /* TriplessUITests */ = {
			isa = PBXNativeTarget;
			buildConfigurationList = 7E04EDFD21976EED00EA9811 /* Build configuration list for PBXNativeTarget "TriplessUITests" */;
			buildPhases = (
				819B65247BC43429650EF4BD /* [CP] Check Pods Manifest.lock */,
				7E04EDEA21976EED00EA9811 /* Sources */,
				7E04EDEB21976EED00EA9811 /* Frameworks */,
				7E04EDEC21976EED00EA9811 /* Resources */,
			);
			buildRules = (
			);
			dependencies = (
				7E04EDF021976EED00EA9811 /* PBXTargetDependency */,
			);
			name = TriplessUITests;
			productName = TriplessUITests;
			productReference = 7E04EDEE21976EED00EA9811 /* TriplessUITests.xctest */;
			productType = "com.apple.product-type.bundle.ui-testing";
		};
/* End PBXNativeTarget section */

/* Begin PBXProject section */
		7E04EDC521976EEC00EA9811 /* Project object */ = {
			isa = PBXProject;
			attributes = {
				LastSwiftUpdateCheck = 1010;
				LastUpgradeCheck = 1010;
				ORGANIZATIONNAME = hko;
				TargetAttributes = {
					7E04EDCC21976EEC00EA9811 = {
						CreatedOnToolsVersion = 10.1;
					};
					7E04EDE221976EED00EA9811 = {
						CreatedOnToolsVersion = 10.1;
						TestTargetID = 7E04EDCC21976EEC00EA9811;
					};
					7E04EDED21976EED00EA9811 = {
						CreatedOnToolsVersion = 10.1;
						TestTargetID = 7E04EDCC21976EEC00EA9811;
					};
				};
			};
			buildConfigurationList = 7E04EDC821976EEC00EA9811 /* Build configuration list for PBXProject "Tripless" */;
			compatibilityVersion = "Xcode 9.3";
			developmentRegion = en;
			hasScannedForEncodings = 0;
			knownRegions = (
				en,
				Base,
			);
			mainGroup = 7E04EDC421976EEC00EA9811;
			productRefGroup = 7E04EDCE21976EEC00EA9811 /* Products */;
			projectDirPath = "";
			projectRoot = "";
			targets = (
				7E04EDCC21976EEC00EA9811 /* Tripless */,
				7E04EDE221976EED00EA9811 /* TriplessTests */,
				7E04EDED21976EED00EA9811 /* TriplessUITests */,
			);
		};
/* End PBXProject section */

/* Begin PBXResourcesBuildPhase section */
		7E04EDCB21976EEC00EA9811 /* Resources */ = {
			isa = PBXResourcesBuildPhase;
			buildActionMask = 2147483647;
			files = (
				7E04EDDD21976EED00EA9811 /* LaunchScreen.storyboard in Resources */,
				7E04EDDA21976EED00EA9811 /* Assets.xcassets in Resources */,
				7E04EDD821976EEC00EA9811 /* Main.storyboard in Resources */,
			);
			runOnlyForDeploymentPostprocessing = 0;
		};
		7E04EDE121976EED00EA9811 /* Resources */ = {
			isa = PBXResourcesBuildPhase;
			buildActionMask = 2147483647;
			files = (
			);
			runOnlyForDeploymentPostprocessing = 0;
		};
		7E04EDEC21976EED00EA9811 /* Resources */ = {
			isa = PBXResourcesBuildPhase;
			buildActionMask = 2147483647;
			files = (
			);
			runOnlyForDeploymentPostprocessing = 0;
		};
/* End PBXResourcesBuildPhase section */

/* Begin PBXShellScriptBuildPhase section */
		7FAF208BF9E09499A0CD3F1C /* [CP] Check Pods Manifest.lock */ = {
			isa = PBXShellScriptBuildPhase;
			buildActionMask = 2147483647;
			files = (
			);
			inputFileListPaths = (
			);
			inputPaths = (
				"${PODS_PODFILE_DIR_PATH}/Podfile.lock",
				"${PODS_ROOT}/Manifest.lock",
			);
			name = "[CP] Check Pods Manifest.lock";
			outputFileListPaths = (
			);
			outputPaths = (
				"$(DERIVED_FILE_DIR)/Pods-TriplessTests-checkManifestLockResult.txt",
			);
			runOnlyForDeploymentPostprocessing = 0;
			shellPath = /bin/sh;
			shellScript = "diff \"${PODS_PODFILE_DIR_PATH}/Podfile.lock\" \"${PODS_ROOT}/Manifest.lock\" > /dev/null\nif [ $? != 0 ] ; then\n    # print error to STDERR\n    echo \"error: The sandbox is not in sync with the Podfile.lock. Run 'pod install' or update your CocoaPods installation.\" >&2\n    exit 1\nfi\n# This output is used by Xcode 'outputs' to avoid re-running this script phase.\necho \"SUCCESS\" > \"${SCRIPT_OUTPUT_FILE_0}\"\n";
			showEnvVarsInLog = 0;
		};
		819B65247BC43429650EF4BD /* [CP] Check Pods Manifest.lock */ = {
			isa = PBXShellScriptBuildPhase;
			buildActionMask = 2147483647;
			files = (
			);
			inputFileListPaths = (
			);
			inputPaths = (
				"${PODS_PODFILE_DIR_PATH}/Podfile.lock",
				"${PODS_ROOT}/Manifest.lock",
			);
			name = "[CP] Check Pods Manifest.lock";
			outputFileListPaths = (
			);
			outputPaths = (
				"$(DERIVED_FILE_DIR)/Pods-TriplessUITests-checkManifestLockResult.txt",
			);
			runOnlyForDeploymentPostprocessing = 0;
			shellPath = /bin/sh;
			shellScript = "diff \"${PODS_PODFILE_DIR_PATH}/Podfile.lock\" \"${PODS_ROOT}/Manifest.lock\" > /dev/null\nif [ $? != 0 ] ; then\n    # print error to STDERR\n    echo \"error: The sandbox is not in sync with the Podfile.lock. Run 'pod install' or update your CocoaPods installation.\" >&2\n    exit 1\nfi\n# This output is used by Xcode 'outputs' to avoid re-running this script phase.\necho \"SUCCESS\" > \"${SCRIPT_OUTPUT_FILE_0}\"\n";
			showEnvVarsInLog = 0;
		};
		A044FD10F0C2E603A561D5A0 /* [CP] Check Pods Manifest.lock */ = {
			isa = PBXShellScriptBuildPhase;
			buildActionMask = 2147483647;
			files = (
			);
			inputFileListPaths = (
			);
			inputPaths = (
				"${PODS_PODFILE_DIR_PATH}/Podfile.lock",
				"${PODS_ROOT}/Manifest.lock",
			);
			name = "[CP] Check Pods Manifest.lock";
			outputFileListPaths = (
			);
			outputPaths = (
				"$(DERIVED_FILE_DIR)/Pods-Tripless-checkManifestLockResult.txt",
			);
			runOnlyForDeploymentPostprocessing = 0;
			shellPath = /bin/sh;
			shellScript = "diff \"${PODS_PODFILE_DIR_PATH}/Podfile.lock\" \"${PODS_ROOT}/Manifest.lock\" > /dev/null\nif [ $? != 0 ] ; then\n    # print error to STDERR\n    echo \"error: The sandbox is not in sync with the Podfile.lock. Run 'pod install' or update your CocoaPods installation.\" >&2\n    exit 1\nfi\n# This output is used by Xcode 'outputs' to avoid re-running this script phase.\necho \"SUCCESS\" > \"${SCRIPT_OUTPUT_FILE_0}\"\n";
			showEnvVarsInLog = 0;
		};
		E1F58F501648776923A661EF /* [CP] Embed Pods Frameworks */ = {
			isa = PBXShellScriptBuildPhase;
			buildActionMask = 2147483647;
			files = (
			);
			inputFileListPaths = (
			);
			inputPaths = (
				"${SRCROOT}/Pods/Target Support Files/Pods-Tripless/Pods-Tripless-frameworks.sh",
				"${BUILT_PRODUCTS_DIR}/Alamofire/Alamofire.framework",
			);
			name = "[CP] Embed Pods Frameworks";
			outputFileListPaths = (
			);
			outputPaths = (
				"${TARGET_BUILD_DIR}/${FRAMEWORKS_FOLDER_PATH}/Alamofire.framework",
			);
			runOnlyForDeploymentPostprocessing = 0;
			shellPath = /bin/sh;
			shellScript = "\"${SRCROOT}/Pods/Target Support Files/Pods-Tripless/Pods-Tripless-frameworks.sh\"\n";
			showEnvVarsInLog = 0;
		};
/* End PBXShellScriptBuildPhase section */

/* Begin PBXSourcesBuildPhase section */
		7E04EDC921976EEC00EA9811 /* Sources */ = {
			isa = PBXSourcesBuildPhase;
			buildActionMask = 2147483647;
			files = (
				862230272197805B00C8DFB1 /* TripDBHelper.swift in Sources */,
				7E04EDD521976EEC00EA9811 /* LogViewController.swift in Sources */,
				8622302521977FD100C8DFB1 /* TripModel.xcdatamodeld in Sources */,
				86223022219777CD00C8DFB1 /* TabBarController.swift in Sources */,
				7E04EDD121976EEC00EA9811 /* AppDelegate.swift in Sources */,
				8622302B219783FB00C8DFB1 /* Trip.swift in Sources */,
				7E04EDD321976EEC00EA9811 /* MapViewController.swift in Sources */,
			);
			runOnlyForDeploymentPostprocessing = 0;
		};
		7E04EDDF21976EED00EA9811 /* Sources */ = {
			isa = PBXSourcesBuildPhase;
			buildActionMask = 2147483647;
			files = (
				7E04EDE821976EED00EA9811 /* TriplessTests.swift in Sources */,
			);
			runOnlyForDeploymentPostprocessing = 0;
		};
		7E04EDEA21976EED00EA9811 /* Sources */ = {
			isa = PBXSourcesBuildPhase;
			buildActionMask = 2147483647;
			files = (
				7E04EDF321976EED00EA9811 /* TriplessUITests.swift in Sources */,
			);
			runOnlyForDeploymentPostprocessing = 0;
		};
/* End PBXSourcesBuildPhase section */

/* Begin PBXTargetDependency section */
		7E04EDE521976EED00EA9811 /* PBXTargetDependency */ = {
			isa = PBXTargetDependency;
			target = 7E04EDCC21976EEC00EA9811 /* Tripless */;
			targetProxy = 7E04EDE421976EED00EA9811 /* PBXContainerItemProxy */;
		};
		7E04EDF021976EED00EA9811 /* PBXTargetDependency */ = {
			isa = PBXTargetDependency;
			target = 7E04EDCC21976EEC00EA9811 /* Tripless */;
			targetProxy = 7E04EDEF21976EED00EA9811 /* PBXContainerItemProxy */;
		};
/* End PBXTargetDependency section */

/* Begin PBXVariantGroup section */
		7E04EDD621976EEC00EA9811 /* Main.storyboard */ = {
			isa = PBXVariantGroup;
			children = (
				7E04EDD721976EEC00EA9811 /* Base */,
			);
			name = Main.storyboard;
			sourceTree = "<group>";
		};
		7E04EDDB21976EED00EA9811 /* LaunchScreen.storyboard */ = {
			isa = PBXVariantGroup;
			children = (
				7E04EDDC21976EED00EA9811 /* Base */,
			);
			name = LaunchScreen.storyboard;
			sourceTree = "<group>";
		};
/* End PBXVariantGroup section */

/* Begin XCBuildConfiguration section */
		7E04EDF521976EED00EA9811 /* Debug */ = {
			isa = XCBuildConfiguration;
			buildSettings = {
				ALWAYS_SEARCH_USER_PATHS = NO;
				CLANG_ANALYZER_NONNULL = YES;
				CLANG_ANALYZER_NUMBER_OBJECT_CONVERSION = YES_AGGRESSIVE;
				CLANG_CXX_LANGUAGE_STANDARD = "gnu++14";
				CLANG_CXX_LIBRARY = "libc++";
				CLANG_ENABLE_MODULES = YES;
				CLANG_ENABLE_OBJC_ARC = YES;
				CLANG_ENABLE_OBJC_WEAK = YES;
				CLANG_WARN_BLOCK_CAPTURE_AUTORELEASING = YES;
				CLANG_WARN_BOOL_CONVERSION = YES;
				CLANG_WARN_COMMA = YES;
				CLANG_WARN_CONSTANT_CONVERSION = YES;
				CLANG_WARN_DEPRECATED_OBJC_IMPLEMENTATIONS = YES;
				CLANG_WARN_DIRECT_OBJC_ISA_USAGE = YES_ERROR;
				CLANG_WARN_DOCUMENTATION_COMMENTS = YES;
				CLANG_WARN_EMPTY_BODY = YES;
				CLANG_WARN_ENUM_CONVERSION = YES;
				CLANG_WARN_INFINITE_RECURSION = YES;
				CLANG_WARN_INT_CONVERSION = YES;
				CLANG_WARN_NON_LITERAL_NULL_CONVERSION = YES;
				CLANG_WARN_OBJC_IMPLICIT_RETAIN_SELF = YES;
				CLANG_WARN_OBJC_LITERAL_CONVERSION = YES;
				CLANG_WARN_OBJC_ROOT_CLASS = YES_ERROR;
				CLANG_WARN_RANGE_LOOP_ANALYSIS = YES;
				CLANG_WARN_STRICT_PROTOTYPES = YES;
				CLANG_WARN_SUSPICIOUS_MOVE = YES;
				CLANG_WARN_UNGUARDED_AVAILABILITY = YES_AGGRESSIVE;
				CLANG_WARN_UNREACHABLE_CODE = YES;
				CLANG_WARN__DUPLICATE_METHOD_MATCH = YES;
				CODE_SIGN_IDENTITY = "iPhone Developer";
				COPY_PHASE_STRIP = NO;
				DEBUG_INFORMATION_FORMAT = dwarf;
				ENABLE_STRICT_OBJC_MSGSEND = YES;
				ENABLE_TESTABILITY = YES;
				GCC_C_LANGUAGE_STANDARD = gnu11;
				GCC_DYNAMIC_NO_PIC = NO;
				GCC_NO_COMMON_BLOCKS = YES;
				GCC_OPTIMIZATION_LEVEL = 0;
				GCC_PREPROCESSOR_DEFINITIONS = (
					"DEBUG=1",
					"$(inherited)",
				);
				GCC_WARN_64_TO_32_BIT_CONVERSION = YES;
				GCC_WARN_ABOUT_RETURN_TYPE = YES_ERROR;
				GCC_WARN_UNDECLARED_SELECTOR = YES;
				GCC_WARN_UNINITIALIZED_AUTOS = YES_AGGRESSIVE;
				GCC_WARN_UNUSED_FUNCTION = YES;
				GCC_WARN_UNUSED_VARIABLE = YES;
				IPHONEOS_DEPLOYMENT_TARGET = 12.1;
				MTL_ENABLE_DEBUG_INFO = INCLUDE_SOURCE;
				MTL_FAST_MATH = YES;
				ONLY_ACTIVE_ARCH = YES;
				SDKROOT = iphoneos;
				SWIFT_ACTIVE_COMPILATION_CONDITIONS = DEBUG;
				SWIFT_OPTIMIZATION_LEVEL = "-Onone";
			};
			name = Debug;
		};
		7E04EDF621976EED00EA9811 /* Release */ = {
			isa = XCBuildConfiguration;
			buildSettings = {
				ALWAYS_SEARCH_USER_PATHS = NO;
				CLANG_ANALYZER_NONNULL = YES;
				CLANG_ANALYZER_NUMBER_OBJECT_CONVERSION = YES_AGGRESSIVE;
				CLANG_CXX_LANGUAGE_STANDARD = "gnu++14";
				CLANG_CXX_LIBRARY = "libc++";
				CLANG_ENABLE_MODULES = YES;
				CLANG_ENABLE_OBJC_ARC = YES;
				CLANG_ENABLE_OBJC_WEAK = YES;
				CLANG_WARN_BLOCK_CAPTURE_AUTORELEASING = YES;
				CLANG_WARN_BOOL_CONVERSION = YES;
				CLANG_WARN_COMMA = YES;
				CLANG_WARN_CONSTANT_CONVERSION = YES;
				CLANG_WARN_DEPRECATED_OBJC_IMPLEMENTATIONS = YES;
				CLANG_WARN_DIRECT_OBJC_ISA_USAGE = YES_ERROR;
				CLANG_WARN_DOCUMENTATION_COMMENTS = YES;
				CLANG_WARN_EMPTY_BODY = YES;
				CLANG_WARN_ENUM_CONVERSION = YES;
				CLANG_WARN_INFINITE_RECURSION = YES;
				CLANG_WARN_INT_CONVERSION = YES;
				CLANG_WARN_NON_LITERAL_NULL_CONVERSION = YES;
				CLANG_WARN_OBJC_IMPLICIT_RETAIN_SELF = YES;
				CLANG_WARN_OBJC_LITERAL_CONVERSION = YES;
				CLANG_WARN_OBJC_ROOT_CLASS = YES_ERROR;
				CLANG_WARN_RANGE_LOOP_ANALYSIS = YES;
				CLANG_WARN_STRICT_PROTOTYPES = YES;
				CLANG_WARN_SUSPICIOUS_MOVE = YES;
				CLANG_WARN_UNGUARDED_AVAILABILITY = YES_AGGRESSIVE;
				CLANG_WARN_UNREACHABLE_CODE = YES;
				CLANG_WARN__DUPLICATE_METHOD_MATCH = YES;
				CODE_SIGN_IDENTITY = "iPhone Developer";
				COPY_PHASE_STRIP = NO;
				DEBUG_INFORMATION_FORMAT = "dwarf-with-dsym";
				ENABLE_NS_ASSERTIONS = NO;
				ENABLE_STRICT_OBJC_MSGSEND = YES;
				GCC_C_LANGUAGE_STANDARD = gnu11;
				GCC_NO_COMMON_BLOCKS = YES;
				GCC_WARN_64_TO_32_BIT_CONVERSION = YES;
				GCC_WARN_ABOUT_RETURN_TYPE = YES_ERROR;
				GCC_WARN_UNDECLARED_SELECTOR = YES;
				GCC_WARN_UNINITIALIZED_AUTOS = YES_AGGRESSIVE;
				GCC_WARN_UNUSED_FUNCTION = YES;
				GCC_WARN_UNUSED_VARIABLE = YES;
				IPHONEOS_DEPLOYMENT_TARGET = 12.1;
				MTL_ENABLE_DEBUG_INFO = NO;
				MTL_FAST_MATH = YES;
				SDKROOT = iphoneos;
				SWIFT_COMPILATION_MODE = wholemodule;
				SWIFT_OPTIMIZATION_LEVEL = "-O";
				VALIDATE_PRODUCT = YES;
			};
			name = Release;
		};
		7E04EDF821976EED00EA9811 /* Debug */ = {
			isa = XCBuildConfiguration;
			baseConfigurationReference = BE5B71AB50B7080E4EAF5CDE /* Pods-Tripless.debug.xcconfig */;
			buildSettings = {
				ASSETCATALOG_COMPILER_APPICON_NAME = AppIcon;
				CODE_SIGN_STYLE = Automatic;
				DEVELOPMENT_TEAM = 49T8T7R3FB;
				INFOPLIST_FILE = Tripless/Info.plist;
				LD_RUNPATH_SEARCH_PATHS = (
					"$(inherited)",
					"@executable_path/Frameworks",
				);
				PRODUCT_BUNDLE_IDENTIFIER = tripless.Tripless;
				PRODUCT_NAME = "$(TARGET_NAME)";
				SWIFT_VERSION = 4.2;
				TARGETED_DEVICE_FAMILY = "1,2";
			};
			name = Debug;
		};
		7E04EDF921976EED00EA9811 /* Release */ = {
			isa = XCBuildConfiguration;
			baseConfigurationReference = 969173D182B2777F224AE039 /* Pods-Tripless.release.xcconfig */;
			buildSettings = {
				ASSETCATALOG_COMPILER_APPICON_NAME = AppIcon;
				CODE_SIGN_STYLE = Automatic;
				DEVELOPMENT_TEAM = 49T8T7R3FB;
				INFOPLIST_FILE = Tripless/Info.plist;
				LD_RUNPATH_SEARCH_PATHS = (
					"$(inherited)",
					"@executable_path/Frameworks",
				);
				PRODUCT_BUNDLE_IDENTIFIER = tripless.Tripless;
				PRODUCT_NAME = "$(TARGET_NAME)";
				SWIFT_VERSION = 4.2;
				TARGETED_DEVICE_FAMILY = "1,2";
			};
			name = Release;
		};
		7E04EDFB21976EED00EA9811 /* Debug */ = {
			isa = XCBuildConfiguration;
			baseConfigurationReference = EAF83A80F24C91BCBA662FE4 /* Pods-TriplessTests.debug.xcconfig */;
			buildSettings = {
				ALWAYS_EMBED_SWIFT_STANDARD_LIBRARIES = YES;
				BUNDLE_LOADER = "$(TEST_HOST)";
				CODE_SIGN_STYLE = Automatic;
				INFOPLIST_FILE = TriplessTests/Info.plist;
				LD_RUNPATH_SEARCH_PATHS = (
					"$(inherited)",
					"@executable_path/Frameworks",
					"@loader_path/Frameworks",
				);
				PRODUCT_BUNDLE_IDENTIFIER = tripless.TriplessTests;
				PRODUCT_NAME = "$(TARGET_NAME)";
				SWIFT_VERSION = 4.2;
				TARGETED_DEVICE_FAMILY = "1,2";
				TEST_HOST = "$(BUILT_PRODUCTS_DIR)/Tripless.app/Tripless";
			};
			name = Debug;
		};
		7E04EDFC21976EED00EA9811 /* Release */ = {
			isa = XCBuildConfiguration;
			baseConfigurationReference = EB4AF00587144B90A88C2DA4 /* Pods-TriplessTests.release.xcconfig */;
			buildSettings = {
				ALWAYS_EMBED_SWIFT_STANDARD_LIBRARIES = YES;
				BUNDLE_LOADER = "$(TEST_HOST)";
				CODE_SIGN_STYLE = Automatic;
				INFOPLIST_FILE = TriplessTests/Info.plist;
				LD_RUNPATH_SEARCH_PATHS = (
					"$(inherited)",
					"@executable_path/Frameworks",
					"@loader_path/Frameworks",
				);
				PRODUCT_BUNDLE_IDENTIFIER = tripless.TriplessTests;
				PRODUCT_NAME = "$(TARGET_NAME)";
				SWIFT_VERSION = 4.2;
				TARGETED_DEVICE_FAMILY = "1,2";
				TEST_HOST = "$(BUILT_PRODUCTS_DIR)/Tripless.app/Tripless";
			};
			name = Release;
		};
		7E04EDFE21976EED00EA9811 /* Debug */ = {
			isa = XCBuildConfiguration;
			baseConfigurationReference = 4F49BC2017F632526D8462C6 /* Pods-TriplessUITests.debug.xcconfig */;
			buildSettings = {
				ALWAYS_EMBED_SWIFT_STANDARD_LIBRARIES = YES;
				CODE_SIGN_STYLE = Automatic;
				INFOPLIST_FILE = TriplessUITests/Info.plist;
				LD_RUNPATH_SEARCH_PATHS = (
					"$(inherited)",
					"@executable_path/Frameworks",
					"@loader_path/Frameworks",
				);
				PRODUCT_BUNDLE_IDENTIFIER = tripless.TriplessUITests;
				PRODUCT_NAME = "$(TARGET_NAME)";
				SWIFT_VERSION = 4.2;
				TARGETED_DEVICE_FAMILY = "1,2";
				TEST_TARGET_NAME = Tripless;
			};
			name = Debug;
		};
		7E04EDFF21976EED00EA9811 /* Release */ = {
			isa = XCBuildConfiguration;
			baseConfigurationReference = 1A8D820232D8E8A03C96A53E /* Pods-TriplessUITests.release.xcconfig */;
			buildSettings = {
				ALWAYS_EMBED_SWIFT_STANDARD_LIBRARIES = YES;
				CODE_SIGN_STYLE = Automatic;
				INFOPLIST_FILE = TriplessUITests/Info.plist;
				LD_RUNPATH_SEARCH_PATHS = (
					"$(inherited)",
					"@executable_path/Frameworks",
					"@loader_path/Frameworks",
				);
				PRODUCT_BUNDLE_IDENTIFIER = tripless.TriplessUITests;
				PRODUCT_NAME = "$(TARGET_NAME)";
				SWIFT_VERSION = 4.2;
				TARGETED_DEVICE_FAMILY = "1,2";
				TEST_TARGET_NAME = Tripless;
			};
			name = Release;
		};
/* End XCBuildConfiguration section */

/* Begin XCConfigurationList section */
		7E04EDC821976EEC00EA9811 /* Build configuration list for PBXProject "Tripless" */ = {
			isa = XCConfigurationList;
			buildConfigurations = (
				7E04EDF521976EED00EA9811 /* Debug */,
				7E04EDF621976EED00EA9811 /* Release */,
			);
			defaultConfigurationIsVisible = 0;
			defaultConfigurationName = Release;
		};
		7E04EDF721976EED00EA9811 /* Build configuration list for PBXNativeTarget "Tripless" */ = {
			isa = XCConfigurationList;
			buildConfigurations = (
				7E04EDF821976EED00EA9811 /* Debug */,
				7E04EDF921976EED00EA9811 /* Release */,
			);
			defaultConfigurationIsVisible = 0;
			defaultConfigurationName = Release;
		};
		7E04EDFA21976EED00EA9811 /* Build configuration list for PBXNativeTarget "TriplessTests" */ = {
			isa = XCConfigurationList;
			buildConfigurations = (
				7E04EDFB21976EED00EA9811 /* Debug */,
				7E04EDFC21976EED00EA9811 /* Release */,
			);
			defaultConfigurationIsVisible = 0;
			defaultConfigurationName = Release;
		};
		7E04EDFD21976EED00EA9811 /* Build configuration list for PBXNativeTarget "TriplessUITests" */ = {
			isa = XCConfigurationList;
			buildConfigurations = (
				7E04EDFE21976EED00EA9811 /* Debug */,
				7E04EDFF21976EED00EA9811 /* Release */,
			);
			defaultConfigurationIsVisible = 0;
			defaultConfigurationName = Release;
		};
/* End XCConfigurationList section */

/* Begin XCVersionGroup section */
		8622302321977FD100C8DFB1 /* TripModel.xcdatamodeld */ = {
			isa = XCVersionGroup;
			children = (
				8622302421977FD100C8DFB1 /* TripModel.xcdatamodel */,
			);
			currentVersion = 8622302421977FD100C8DFB1 /* TripModel.xcdatamodel */;
			path = TripModel.xcdatamodeld;
			sourceTree = "<group>";
			versionGroupType = wrapper.xcdatamodel;
		};
/* End XCVersionGroup section */
	};
	rootObject = 7E04EDC521976EEC00EA9811 /* Project object */;
}
